
Microsoft Visual Studio Solution File, Format Version 12.00
# Visual Studio Version 17
VisualStudioVersion = 17.5.002.0
MinimumVisualStudioVersion = 10.0.40219.1
Project("{9A19103F-16F7-4668-BE54-9A1E7A4F7556}") = "juang61", "juang61\juang61.csproj", "{F36394CE-4E38-4345-97AE-8D01F34FF8A0}"
EndProject
Global
	GlobalSection(SolutionConfigurationPlatforms) = preSolution
		Debug|Any CPU = Debug|Any CPU
		Release|Any CPU = Release|Any CPU
	EndGlobalSection
	GlobalSection(ProjectConfigurationPlatforms) = postSolution
		{F36394CE-4E38-4345-97AE-8D01F34FF8A0}.Debug|Any CPU.ActiveCfg = Debug|Any CPU
		{F36394CE-4E38-4345-97AE-8D01F34FF8A0}.Debug|Any CPU.Build.0 = Debug|Any CPU
		{F36394CE-4E38-4345-97AE-8D01F34FF8A0}.Release|Any CPU.ActiveCfg = Release|Any CPU
		{F36394CE-4E38-4345-97AE-8D01F34FF8A0}.Release|Any CPU.Build.0 = Release|Any CPU
	EndGlobalSection
	GlobalSection(SolutionProperties) = preSolution
		HideSolutionNode = FALSE
	EndGlobalSection
	GlobalSection(ExtensibilityGlobals) = postSolution
		SolutionGuid = {FB2B2DF4-F8CA-4ABF-A304-7977B01A732A}
	EndGlobalSection
EndGlobal
