
Microsoft Visual Studio Solution File, Format Version 12.00
# Visual Studio Version 17
VisualStudioVersion = 17.5.002.0
MinimumVisualStudioVersion = 10.0.40219.1
Project("{9A19103F-16F7-4668-BE54-9A1E7A4F7556}") = "juang51", "juang51\juang51.csproj", "{503D194D-2ECA-401C-A75C-D606F7D93E51}"
EndProject
Global
	GlobalSection(SolutionConfigurationPlatforms) = preSolution
		Debug|Any CPU = Debug|Any CPU
		Release|Any CPU = Release|Any CPU
	EndGlobalSection
	GlobalSection(ProjectConfigurationPlatforms) = postSolution
		{503D194D-2ECA-401C-A75C-D606F7D93E51}.Debug|Any CPU.ActiveCfg = Debug|Any CPU
		{503D194D-2ECA-401C-A75C-D606F7D93E51}.Debug|Any CPU.Build.0 = Debug|Any CPU
		{503D194D-2ECA-401C-A75C-D606F7D93E51}.Release|Any CPU.ActiveCfg = Release|Any CPU
		{503D194D-2ECA-401C-A75C-D606F7D93E51}.Release|Any CPU.Build.0 = Release|Any CPU
	EndGlobalSection
	GlobalSection(SolutionProperties) = preSolution
		HideSolutionNode = FALSE
	EndGlobalSection
	GlobalSection(ExtensibilityGlobals) = postSolution
		SolutionGuid = {A2D8359D-938B-4D9C-89F6-CC1A9FB20317}
	EndGlobalSection
EndGlobal
